
Microsoft Visual Studio Solution File, Format Version 12.00
# Visual Studio Version 16
VisualStudioVersion = 16.0.31105.61
MinimumVisualStudioVersion = 10.0.40219.1
Project("{E24C65DC-7377-472B-9ABA-BC803B73C61A}") = "Attendance", "Attendance\", "{297EC32C-4980-4195-B360-1C163CF985F7}"
	ProjectSection(WebsiteProperties) = preProject
		TargetFrameworkMoniker = ".NETFramework,Version%3Dv4.0"
		Debug.AspNetCompiler.VirtualPath = "/localhost_52658"
		Debug.AspNetCompiler.PhysicalPath = "Attendance\"
		Debug.AspNetCompiler.TargetPath = "PrecompiledWeb\localhost_52658\"
		Debug.AspNetCompiler.Updateable = "true"
		Debug.AspNetCompiler.ForceOverwrite = "true"
		Debug.AspNetCompiler.FixedNames = "false"
		Debug.AspNetCompiler.Debug = "True"
		Release.AspNetCompiler.VirtualPath = "/localhost_52658"
		Release.AspNetCompiler.PhysicalPath = "Attendance\"
		Release.AspNetCompiler.TargetPath = "PrecompiledWeb\localhost_52658\"
		Release.AspNetCompiler.Updateable = "true"
		Release.AspNetCompiler.ForceOverwrite = "true"
		Release.AspNetCompiler.FixedNames = "false"
		Release.AspNetCompiler.Debug = "False"
		VWDPort = "52658"
		SlnRelativePath = "Attendance\"
		DefaultWebSiteLanguage = "Visual C#"
	EndProjectSection
EndProject
Global
	GlobalSection(SolutionConfigurationPlatforms) = preSolution
		Debug|Any CPU = Debug|Any CPU
	EndGlobalSection
	GlobalSection(ProjectConfigurationPlatforms) = postSolution
		{297EC32C-4980-4195-B360-1C163CF985F7}.Debug|Any CPU.ActiveCfg = Debug|Any CPU
		{297EC32C-4980-4195-B360-1C163CF985F7}.Debug|Any CPU.Build.0 = Debug|Any CPU
	EndGlobalSection
	GlobalSection(SolutionProperties) = preSolution
		HideSolutionNode = FALSE
	EndGlobalSection
	GlobalSection(ExtensibilityGlobals) = postSolution
		SolutionGuid = {3D53634C-2F4E-4FED-A0D8-04BDBBD0CCBC}
	EndGlobalSection
EndGlobal
